
Microsoft Visual Studio Solution File, Format Version 12.00
# Visual Studio Version 16
VisualStudioVersion = 16.0.30225.117
MinimumVisualStudioVersion = 10.0.40219.1
Project("{9A19103F-16F7-4668-BE54-9A1E7A4F7556}") = "Abp.Elasticsearch", "src\Abp.Elasticsearch\Abp.Elasticsearch.csproj", "{5F0EA3F8-0348-4F4D-A195-1A777D6408B1}"
EndProject
Project("{2150E333-8FDC-42A3-9474-1A3956D46DE8}") = "src", "src", "{193989A1-AA37-465B-A2A0-4A80863470DB}"
EndProject
Project("{2150E333-8FDC-42A3-9474-1A3956D46DE8}") = "test", "test", "{9342EE6C-ACDE-49E5-BD6E-19C4F0163EF4}"
EndProject
Project("{9A19103F-16F7-4668-BE54-9A1E7A4F7556}") = "Abp.Elasticsearch.Tests", "test\Abp.Elasticsearch.Tests\Abp.Elasticsearch.Tests.csproj", "{8A50E7D4-FB99-4C5F-94AC-545379D3B99B}"
EndProject
Global
	GlobalSection(SolutionConfigurationPlatforms) = preSolution
		Debug|Any CPU = Debug|Any CPU
		Release|Any CPU = Release|Any CPU
	EndGlobalSection
	GlobalSection(ProjectConfigurationPlatforms) = postSolution
		{5F0EA3F8-0348-4F4D-A195-1A777D6408B1}.Debug|Any CPU.ActiveCfg = Debug|Any CPU
		{5F0EA3F8-0348-4F4D-A195-1A777D6408B1}.Debug|Any CPU.Build.0 = Debug|Any CPU
		{5F0EA3F8-0348-4F4D-A195-1A777D6408B1}.Release|Any CPU.ActiveCfg = Release|Any CPU
		{5F0EA3F8-0348-4F4D-A195-1A777D6408B1}.Release|Any CPU.Build.0 = Release|Any CPU
		{8A50E7D4-FB99-4C5F-94AC-545379D3B99B}.Debug|Any CPU.ActiveCfg = Debug|Any CPU
		{8A50E7D4-FB99-4C5F-94AC-545379D3B99B}.Debug|Any CPU.Build.0 = Debug|Any CPU
		{8A50E7D4-FB99-4C5F-94AC-545379D3B99B}.Release|Any CPU.ActiveCfg = Release|Any CPU
		{8A50E7D4-FB99-4C5F-94AC-545379D3B99B}.Release|Any CPU.Build.0 = Release|Any CPU
	EndGlobalSection
	GlobalSection(SolutionProperties) = preSolution
		HideSolutionNode = FALSE
	EndGlobalSection
	GlobalSection(NestedProjects) = preSolution
		{5F0EA3F8-0348-4F4D-A195-1A777D6408B1} = {193989A1-AA37-465B-A2A0-4A80863470DB}
		{8A50E7D4-FB99-4C5F-94AC-545379D3B99B} = {9342EE6C-ACDE-49E5-BD6E-19C4F0163EF4}
	EndGlobalSection
	GlobalSection(ExtensibilityGlobals) = postSolution
		SolutionGuid = {DB803266-596D-4258-AF16-D3DD95A8940C}
	EndGlobalSection
EndGlobal
